
Microsoft Visual Studio Solution File, Format Version 12.00
# Visual Studio 15
VisualStudioVersion = 15.0.27004.2005
MinimumVisualStudioVersion = 10.0.40219.1
Project("{FAE04EC0-301F-11D3-BF4B-00C04F79EFBC}") = "Saga", "Saga\Saga.csproj", "{1C9F18B8-3257-484D-8753-2B2A77FD317A}"
EndProject
Project("{FAE04EC0-301F-11D3-BF4B-00C04F79EFBC}") = "WebApp", "WebApp\WebApp.csproj", "{4DBDD427-8FAD-49AD-8909-F1C5A504015C}"
EndProject
Global
	GlobalSection(SolutionConfigurationPlatforms) = preSolution
		Debug|Any CPU = Debug|Any CPU
		Release|Any CPU = Release|Any CPU
	EndGlobalSection
	GlobalSection(ProjectConfigurationPlatforms) = postSolution
		{1C9F18B8-3257-484D-8753-2B2A77FD317A}.Debug|Any CPU.ActiveCfg = Debug|Any CPU
		{1C9F18B8-3257-484D-8753-2B2A77FD317A}.Debug|Any CPU.Build.0 = Debug|Any CPU
		{1C9F18B8-3257-484D-8753-2B2A77FD317A}.Release|Any CPU.ActiveCfg = Release|Any CPU
		{1C9F18B8-3257-484D-8753-2B2A77FD317A}.Release|Any CPU.Build.0 = Release|Any CPU
		{4DBDD427-8FAD-49AD-8909-F1C5A504015C}.Debug|Any CPU.ActiveCfg = Debug|Any CPU
		{4DBDD427-8FAD-49AD-8909-F1C5A504015C}.Debug|Any CPU.Build.0 = Debug|Any CPU
		{4DBDD427-8FAD-49AD-8909-F1C5A504015C}.Release|Any CPU.ActiveCfg = Release|Any CPU
		{4DBDD427-8FAD-49AD-8909-F1C5A504015C}.Release|Any CPU.Build.0 = Release|Any CPU
	EndGlobalSection
	GlobalSection(SolutionProperties) = preSolution
		HideSolutionNode = FALSE
	EndGlobalSection
	GlobalSection(ExtensibilityGlobals) = postSolution
		SolutionGuid = {6136E542-676D-43B5-B2E7-4D143A64E0FB}
	EndGlobalSection
EndGlobal
